{
  "originHash" : "262bdcaddd0fe8544c6fc81f6eaf329c7121aab24b785c0c97bd186e5e349b5e",
  "pins" : [
    {
      "identity" : "design-system",
      "kind" : "remoteSourceControl",
      "location" : "https://github.com/vladispas/design-system",
      "state" : {
        "branch" : "main",
        "revision" : "dc17b6d3782eebcc5d4cb09443d09d6e164d2af9"
      }
    }
  ],
  "version" : 3
}
